
Microsoft Visual Studio Solution File, Format Version 12.00
# Visual Studio Version 17
VisualStudioVersion = 17.2.32210.308
MinimumVisualStudioVersion = 15.0.26124.0
Project("{2150E333-8FDC-42A3-9474-1A3956D46DE8}") = "Tests", "Tests", "{749029FC-D3BC-486E-A1D1-37FDF15E711B}"
EndProject
Project("{9A19103F-16F7-4668-BE54-9A1E7A4F7556}") = "HowsItGoing", "HowsItGoing\HowsItGoing.csproj", "{F235DB28-927C-4879-B001-63CE4CEB4369}"
EndProject
Project("{9A19103F-16F7-4668-BE54-9A1E7A4F7556}") = "HowsItGoing.Tests", "HowsItGoing.Tests\HowsItGoing.Tests.csproj", "{B21B2A18-D3C8-4436-ABF5-A482BDD7EC9B}"
EndProject
Project("{2150E333-8FDC-42A3-9474-1A3956D46DE8}") = "Solution Items", "Solution Items", "{BADA71DC-7FFD-4EDC-9F28-FB74AEADC713}"
	ProjectSection(SolutionItems) = preProject
		.editorconfig = .editorconfig
		.gitignore = .gitignore
		.vsconfig = .vsconfig
		Directory.Build.props = Directory.Build.props
		Directory.Build.targets = Directory.Build.targets
		Directory.Packages.props = Directory.Packages.props
		global.json = global.json
	EndProjectSection
EndProject
Project("{FAE04EC0-301F-11D3-BF4B-00C04F79EFBC}") = "HowsItGoing.Contracts", "HowsItGoing.Contracts\HowsItGoing.Contracts.csproj", "{4A635C41-520D-4D1E-A3C9-9DFD8B0CF9D5}"
EndProject
Project("{FAE04EC0-301F-11D3-BF4B-00C04F79EFBC}") = "HowsItGoing.Bridge", "HowsItGoing.Bridge\HowsItGoing.Bridge.csproj", "{C1D790A1-E62E-4442-9CFD-63D2302D29CE}"
EndProject
Project("{FAE04EC0-301F-11D3-BF4B-00C04F79EFBC}") = "HowsItGoing.Bridge.Tests", "HowsItGoing.Bridge.Tests\HowsItGoing.Bridge.Tests.csproj", "{AE30F799-BB08-4B4E-812E-F779CB1EB7B7}"
EndProject
Global
	GlobalSection(SolutionConfigurationPlatforms) = preSolution
		Debug|Any CPU = Debug|Any CPU
		Debug|ARM = Debug|ARM
		Debug|ARM64 = Debug|ARM64
		Debug|iPhone = Debug|iPhone
		Debug|iPhoneSimulator = Debug|iPhoneSimulator
		Debug|x64 = Debug|x64
		Debug|x86 = Debug|x86
		Release|Any CPU = Release|Any CPU
		Release|ARM = Release|ARM
		Release|ARM64 = Release|ARM64
		Release|iPhone = Release|iPhone
		Release|iPhoneSimulator = Release|iPhoneSimulator
		Release|x64 = Release|x64
		Release|x86 = Release|x86
	EndGlobalSection
	GlobalSection(ProjectConfigurationPlatforms) = postSolution
		{F235DB28-927C-4879-B001-63CE4CEB4369}.Debug|Any CPU.ActiveCfg = Debug|Any CPU
		{F235DB28-927C-4879-B001-63CE4CEB4369}.Debug|Any CPU.Build.0 = Debug|Any CPU
		{F235DB28-927C-4879-B001-63CE4CEB4369}.Debug|Any CPU.Deploy.0 = Debug|Any CPU
		{F235DB28-927C-4879-B001-63CE4CEB4369}.Debug|ARM.ActiveCfg = Debug|Any CPU
		{F235DB28-927C-4879-B001-63CE4CEB4369}.Debug|ARM.Build.0 = Debug|Any CPU
		{F235DB28-927C-4879-B001-63CE4CEB4369}.Debug|ARM.Deploy.0 = Debug|Any CPU
		{F235DB28-927C-4879-B001-63CE4CEB4369}.Debug|ARM64.ActiveCfg = Debug|Any CPU
		{F235DB28-927C-4879-B001-63CE4CEB4369}.Debug|ARM64.Build.0 = Debug|Any CPU
		{F235DB28-927C-4879-B001-63CE4CEB4369}.Debug|ARM64.Deploy.0 = Debug|Any CPU
		{F235DB28-927C-4879-B001-63CE4CEB4369}.Debug|iPhone.ActiveCfg = Debug|Any CPU
		{F235DB28-927C-4879-B001-63CE4CEB4369}.Debug|iPhone.Build.0 = Debug|Any CPU
		{F235DB28-927C-4879-B001-63CE4CEB4369}.Debug|iPhone.Deploy.0 = Debug|Any CPU
		{F235DB28-927C-4879-B001-63CE4CEB4369}.Debug|iPhoneSimulator.ActiveCfg = Debug|Any CPU
		{F235DB28-927C-4879-B001-63CE4CEB4369}.Debug|iPhoneSimulator.Build.0 = Debug|Any CPU
		{F235DB28-927C-4879-B001-63CE4CEB4369}.Debug|iPhoneSimulator.Deploy.0 = Debug|Any CPU
		{F235DB28-927C-4879-B001-63CE4CEB4369}.Debug|x64.ActiveCfg = Debug|Any CPU
		{F235DB28-927C-4879-B001-63CE4CEB4369}.Debug|x64.Build.0 = Debug|Any CPU
		{F235DB28-927C-4879-B001-63CE4CEB4369}.Debug|x64.Deploy.0 = Debug|Any CPU
		{F235DB28-927C-4879-B001-63CE4CEB4369}.Debug|x86.ActiveCfg = Debug|Any CPU
		{F235DB28-927C-4879-B001-63CE4CEB4369}.Debug|x86.Build.0 = Debug|Any CPU
		{F235DB28-927C-4879-B001-63CE4CEB4369}.Debug|x86.Deploy.0 = Debug|Any CPU
		{F235DB28-927C-4879-B001-63CE4CEB4369}.Release|Any CPU.ActiveCfg = Release|Any CPU
		{F235DB28-927C-4879-B001-63CE4CEB4369}.Release|Any CPU.Build.0 = Release|Any CPU
		{F235DB28-927C-4879-B001-63CE4CEB4369}.Release|Any CPU.Deploy.0 = Release|Any CPU
		{F235DB28-927C-4879-B001-63CE4CEB4369}.Release|ARM.ActiveCfg = Release|Any CPU
		{F235DB28-927C-4879-B001-63CE4CEB4369}.Release|ARM.Build.0 = Release|Any CPU
		{F235DB28-927C-4879-B001-63CE4CEB4369}.Release|ARM.Deploy.0 = Release|Any CPU
		{F235DB28-927C-4879-B001-63CE4CEB4369}.Release|ARM64.ActiveCfg = Release|Any CPU
		{F235DB28-927C-4879-B001-63CE4CEB4369}.Release|ARM64.Build.0 = Release|Any CPU
		{F235DB28-927C-4879-B001-63CE4CEB4369}.Release|ARM64.Deploy.0 = Release|Any CPU
		{F235DB28-927C-4879-B001-63CE4CEB4369}.Release|iPhone.ActiveCfg = Release|Any CPU
		{F235DB28-927C-4879-B001-63CE4CEB4369}.Release|iPhone.Build.0 = Release|Any CPU
		{F235DB28-927C-4879-B001-63CE4CEB4369}.Release|iPhone.Deploy.0 = Release|Any CPU
		{F235DB28-927C-4879-B001-63CE4CEB4369}.Release|iPhoneSimulator.ActiveCfg = Release|Any CPU
		{F235DB28-927C-4879-B001-63CE4CEB4369}.Release|iPhoneSimulator.Build.0 = Release|Any CPU
		{F235DB28-927C-4879-B001-63CE4CEB4369}.Release|iPhoneSimulator.Deploy.0 = Release|Any CPU
		{F235DB28-927C-4879-B001-63CE4CEB4369}.Release|x64.ActiveCfg = Release|Any CPU
		{F235DB28-927C-4879-B001-63CE4CEB4369}.Release|x64.Build.0 = Release|Any CPU
		{F235DB28-927C-4879-B001-63CE4CEB4369}.Release|x64.Deploy.0 = Release|Any CPU
		{F235DB28-927C-4879-B001-63CE4CEB4369}.Release|x86.ActiveCfg = Release|Any CPU
		{F235DB28-927C-4879-B001-63CE4CEB4369}.Release|x86.Build.0 = Release|Any CPU
		{F235DB28-927C-4879-B001-63CE4CEB4369}.Release|x86.Deploy.0 = Release|Any CPU
		{B21B2A18-D3C8-4436-ABF5-A482BDD7EC9B}.Debug|Any CPU.ActiveCfg = Debug|Any CPU
		{B21B2A18-D3C8-4436-ABF5-A482BDD7EC9B}.Debug|Any CPU.Build.0 = Debug|Any CPU
		{B21B2A18-D3C8-4436-ABF5-A482BDD7EC9B}.Debug|ARM.ActiveCfg = Debug|Any CPU
		{B21B2A18-D3C8-4436-ABF5-A482BDD7EC9B}.Debug|ARM.Build.0 = Debug|Any CPU
		{B21B2A18-D3C8-4436-ABF5-A482BDD7EC9B}.Debug|ARM64.ActiveCfg = Debug|Any CPU
		{B21B2A18-D3C8-4436-ABF5-A482BDD7EC9B}.Debug|ARM64.Build.0 = Debug|Any CPU
		{B21B2A18-D3C8-4436-ABF5-A482BDD7EC9B}.Debug|iPhone.ActiveCfg = Debug|Any CPU
		{B21B2A18-D3C8-4436-ABF5-A482BDD7EC9B}.Debug|iPhone.Build.0 = Debug|Any CPU
		{B21B2A18-D3C8-4436-ABF5-A482BDD7EC9B}.Debug|iPhoneSimulator.ActiveCfg = Debug|Any CPU
		{B21B2A18-D3C8-4436-ABF5-A482BDD7EC9B}.Debug|iPhoneSimulator.Build.0 = Debug|Any CPU
		{B21B2A18-D3C8-4436-ABF5-A482BDD7EC9B}.Debug|x64.ActiveCfg = Debug|Any CPU
		{B21B2A18-D3C8-4436-ABF5-A482BDD7EC9B}.Debug|x64.Build.0 = Debug|Any CPU
		{B21B2A18-D3C8-4436-ABF5-A482BDD7EC9B}.Debug|x86.ActiveCfg = Debug|Any CPU
		{B21B2A18-D3C8-4436-ABF5-A482BDD7EC9B}.Debug|x86.Build.0 = Debug|Any CPU
		{B21B2A18-D3C8-4436-ABF5-A482BDD7EC9B}.Release|Any CPU.ActiveCfg = Release|Any CPU
		{B21B2A18-D3C8-4436-ABF5-A482BDD7EC9B}.Release|Any CPU.Build.0 = Release|Any CPU
		{B21B2A18-D3C8-4436-ABF5-A482BDD7EC9B}.Release|ARM.ActiveCfg = Release|Any CPU
		{B21B2A18-D3C8-4436-ABF5-A482BDD7EC9B}.Release|ARM.Build.0 = Release|Any CPU
		{B21B2A18-D3C8-4436-ABF5-A482BDD7EC9B}.Release|ARM64.ActiveCfg = Release|Any CPU
		{B21B2A18-D3C8-4436-ABF5-A482BDD7EC9B}.Release|ARM64.Build.0 = Release|Any CPU
		{B21B2A18-D3C8-4436-ABF5-A482BDD7EC9B}.Release|iPhone.ActiveCfg = Release|Any CPU
		{B21B2A18-D3C8-4436-ABF5-A482BDD7EC9B}.Release|iPhone.Build.0 = Release|Any CPU
		{B21B2A18-D3C8-4436-ABF5-A482BDD7EC9B}.Release|iPhoneSimulator.ActiveCfg = Release|Any CPU
		{B21B2A18-D3C8-4436-ABF5-A482BDD7EC9B}.Release|iPhoneSimulator.Build.0 = Release|Any CPU
		{B21B2A18-D3C8-4436-ABF5-A482BDD7EC9B}.Release|x64.ActiveCfg = Release|Any CPU
		{B21B2A18-D3C8-4436-ABF5-A482BDD7EC9B}.Release|x64.Build.0 = Release|Any CPU
		{B21B2A18-D3C8-4436-ABF5-A482BDD7EC9B}.Release|x86.ActiveCfg = Release|Any CPU
		{B21B2A18-D3C8-4436-ABF5-A482BDD7EC9B}.Release|x86.Build.0 = Release|Any CPU
		{4A635C41-520D-4D1E-A3C9-9DFD8B0CF9D5}.Debug|Any CPU.ActiveCfg = Debug|Any CPU
		{4A635C41-520D-4D1E-A3C9-9DFD8B0CF9D5}.Debug|Any CPU.Build.0 = Debug|Any CPU
		{4A635C41-520D-4D1E-A3C9-9DFD8B0CF9D5}.Debug|ARM.ActiveCfg = Debug|Any CPU
		{4A635C41-520D-4D1E-A3C9-9DFD8B0CF9D5}.Debug|ARM.Build.0 = Debug|Any CPU
		{4A635C41-520D-4D1E-A3C9-9DFD8B0CF9D5}.Debug|ARM64.ActiveCfg = Debug|Any CPU
		{4A635C41-520D-4D1E-A3C9-9DFD8B0CF9D5}.Debug|ARM64.Build.0 = Debug|Any CPU
		{4A635C41-520D-4D1E-A3C9-9DFD8B0CF9D5}.Debug|iPhone.ActiveCfg = Debug|Any CPU
		{4A635C41-520D-4D1E-A3C9-9DFD8B0CF9D5}.Debug|iPhone.Build.0 = Debug|Any CPU
		{4A635C41-520D-4D1E-A3C9-9DFD8B0CF9D5}.Debug|iPhoneSimulator.ActiveCfg = Debug|Any CPU
		{4A635C41-520D-4D1E-A3C9-9DFD8B0CF9D5}.Debug|iPhoneSimulator.Build.0 = Debug|Any CPU
		{4A635C41-520D-4D1E-A3C9-9DFD8B0CF9D5}.Debug|x64.ActiveCfg = Debug|Any CPU
		{4A635C41-520D-4D1E-A3C9-9DFD8B0CF9D5}.Debug|x64.Build.0 = Debug|Any CPU
		{4A635C41-520D-4D1E-A3C9-9DFD8B0CF9D5}.Debug|x86.ActiveCfg = Debug|Any CPU
		{4A635C41-520D-4D1E-A3C9-9DFD8B0CF9D5}.Debug|x86.Build.0 = Debug|Any CPU
		{4A635C41-520D-4D1E-A3C9-9DFD8B0CF9D5}.Release|Any CPU.ActiveCfg = Release|Any CPU
		{4A635C41-520D-4D1E-A3C9-9DFD8B0CF9D5}.Release|Any CPU.Build.0 = Release|Any CPU
		{4A635C41-520D-4D1E-A3C9-9DFD8B0CF9D5}.Release|ARM.ActiveCfg = Release|Any CPU
		{4A635C41-520D-4D1E-A3C9-9DFD8B0CF9D5}.Release|ARM.Build.0 = Release|Any CPU
		{4A635C41-520D-4D1E-A3C9-9DFD8B0CF9D5}.Release|ARM64.ActiveCfg = Release|Any CPU
		{4A635C41-520D-4D1E-A3C9-9DFD8B0CF9D5}.Release|ARM64.Build.0 = Release|Any CPU
		{4A635C41-520D-4D1E-A3C9-9DFD8B0CF9D5}.Release|iPhone.ActiveCfg = Release|Any CPU
		{4A635C41-520D-4D1E-A3C9-9DFD8B0CF9D5}.Release|iPhone.Build.0 = Release|Any CPU
		{4A635C41-520D-4D1E-A3C9-9DFD8B0CF9D5}.Release|iPhoneSimulator.ActiveCfg = Release|Any CPU
		{4A635C41-520D-4D1E-A3C9-9DFD8B0CF9D5}.Release|iPhoneSimulator.Build.0 = Release|Any CPU
		{4A635C41-520D-4D1E-A3C9-9DFD8B0CF9D5}.Release|x64.ActiveCfg = Release|Any CPU
		{4A635C41-520D-4D1E-A3C9-9DFD8B0CF9D5}.Release|x64.Build.0 = Release|Any CPU
		{4A635C41-520D-4D1E-A3C9-9DFD8B0CF9D5}.Release|x86.ActiveCfg = Release|Any CPU
		{4A635C41-520D-4D1E-A3C9-9DFD8B0CF9D5}.Release|x86.Build.0 = Release|Any CPU
		{C1D790A1-E62E-4442-9CFD-63D2302D29CE}.Debug|Any CPU.ActiveCfg = Debug|Any CPU
		{C1D790A1-E62E-4442-9CFD-63D2302D29CE}.Debug|Any CPU.Build.0 = Debug|Any CPU
		{C1D790A1-E62E-4442-9CFD-63D2302D29CE}.Debug|ARM.ActiveCfg = Debug|Any CPU
		{C1D790A1-E62E-4442-9CFD-63D2302D29CE}.Debug|ARM.Build.0 = Debug|Any CPU
		{C1D790A1-E62E-4442-9CFD-63D2302D29CE}.Debug|ARM64.ActiveCfg = Debug|Any CPU
		{C1D790A1-E62E-4442-9CFD-63D2302D29CE}.Debug|ARM64.Build.0 = Debug|Any CPU
		{C1D790A1-E62E-4442-9CFD-63D2302D29CE}.Debug|iPhone.ActiveCfg = Debug|Any CPU
		{C1D790A1-E62E-4442-9CFD-63D2302D29CE}.Debug|iPhone.Build.0 = Debug|Any CPU
		{C1D790A1-E62E-4442-9CFD-63D2302D29CE}.Debug|iPhoneSimulator.ActiveCfg = Debug|Any CPU
		{C1D790A1-E62E-4442-9CFD-63D2302D29CE}.Debug|iPhoneSimulator.Build.0 = Debug|Any CPU
		{C1D790A1-E62E-4442-9CFD-63D2302D29CE}.Debug|x64.ActiveCfg = Debug|Any CPU
		{C1D790A1-E62E-4442-9CFD-63D2302D29CE}.Debug|x64.Build.0 = Debug|Any CPU
		{C1D790A1-E62E-4442-9CFD-63D2302D29CE}.Debug|x86.ActiveCfg = Debug|Any CPU
		{C1D790A1-E62E-4442-9CFD-63D2302D29CE}.Debug|x86.Build.0 = Debug|Any CPU
		{C1D790A1-E62E-4442-9CFD-63D2302D29CE}.Release|Any CPU.ActiveCfg = Release|Any CPU
		{C1D790A1-E62E-4442-9CFD-63D2302D29CE}.Release|Any CPU.Build.0 = Release|Any CPU
		{C1D790A1-E62E-4442-9CFD-63D2302D29CE}.Release|ARM.ActiveCfg = Release|Any CPU
		{C1D790A1-E62E-4442-9CFD-63D2302D29CE}.Release|ARM.Build.0 = Release|Any CPU
		{C1D790A1-E62E-4442-9CFD-63D2302D29CE}.Release|ARM64.ActiveCfg = Release|Any CPU
		{C1D790A1-E62E-4442-9CFD-63D2302D29CE}.Release|ARM64.Build.0 = Release|Any CPU
		{C1D790A1-E62E-4442-9CFD-63D2302D29CE}.Release|iPhone.ActiveCfg = Release|Any CPU
		{C1D790A1-E62E-4442-9CFD-63D2302D29CE}.Release|iPhone.Build.0 = Release|Any CPU
		{C1D790A1-E62E-4442-9CFD-63D2302D29CE}.Release|iPhoneSimulator.ActiveCfg = Release|Any CPU
		{C1D790A1-E62E-4442-9CFD-63D2302D29CE}.Release|iPhoneSimulator.Build.0 = Release|Any CPU
		{C1D790A1-E62E-4442-9CFD-63D2302D29CE}.Release|x64.ActiveCfg = Release|Any CPU
		{C1D790A1-E62E-4442-9CFD-63D2302D29CE}.Release|x64.Build.0 = Release|Any CPU
		{C1D790A1-E62E-4442-9CFD-63D2302D29CE}.Release|x86.ActiveCfg = Release|Any CPU
		{C1D790A1-E62E-4442-9CFD-63D2302D29CE}.Release|x86.Build.0 = Release|Any CPU
		{AE30F799-BB08-4B4E-812E-F779CB1EB7B7}.Debug|Any CPU.ActiveCfg = Debug|Any CPU
		{AE30F799-BB08-4B4E-812E-F779CB1EB7B7}.Debug|Any CPU.Build.0 = Debug|Any CPU
		{AE30F799-BB08-4B4E-812E-F779CB1EB7B7}.Debug|ARM.ActiveCfg = Debug|Any CPU
		{AE30F799-BB08-4B4E-812E-F779CB1EB7B7}.Debug|ARM.Build.0 = Debug|Any CPU
		{AE30F799-BB08-4B4E-812E-F779CB1EB7B7}.Debug|ARM64.ActiveCfg = Debug|Any CPU
		{AE30F799-BB08-4B4E-812E-F779CB1EB7B7}.Debug|ARM64.Build.0 = Debug|Any CPU
		{AE30F799-BB08-4B4E-812E-F779CB1EB7B7}.Debug|iPhone.ActiveCfg = Debug|Any CPU
		{AE30F799-BB08-4B4E-812E-F779CB1EB7B7}.Debug|iPhone.Build.0 = Debug|Any CPU
		{AE30F799-BB08-4B4E-812E-F779CB1EB7B7}.Debug|iPhoneSimulator.ActiveCfg = Debug|Any CPU
		{AE30F799-BB08-4B4E-812E-F779CB1EB7B7}.Debug|iPhoneSimulator.Build.0 = Debug|Any CPU
		{AE30F799-BB08-4B4E-812E-F779CB1EB7B7}.Debug|x64.ActiveCfg = Debug|Any CPU
		{AE30F799-BB08-4B4E-812E-F779CB1EB7B7}.Debug|x64.Build.0 = Debug|Any CPU
		{AE30F799-BB08-4B4E-812E-F779CB1EB7B7}.Debug|x86.ActiveCfg = Debug|Any CPU
		{AE30F799-BB08-4B4E-812E-F779CB1EB7B7}.Debug|x86.Build.0 = Debug|Any CPU
		{AE30F799-BB08-4B4E-812E-F779CB1EB7B7}.Release|Any CPU.ActiveCfg = Release|Any CPU
		{AE30F799-BB08-4B4E-812E-F779CB1EB7B7}.Release|Any CPU.Build.0 = Release|Any CPU
		{AE30F799-BB08-4B4E-812E-F779CB1EB7B7}.Release|ARM.ActiveCfg = Release|Any CPU
		{AE30F799-BB08-4B4E-812E-F779CB1EB7B7}.Release|ARM.Build.0 = Release|Any CPU
		{AE30F799-BB08-4B4E-812E-F779CB1EB7B7}.Release|ARM64.ActiveCfg = Release|Any CPU
		{AE30F799-BB08-4B4E-812E-F779CB1EB7B7}.Release|ARM64.Build.0 = Release|Any CPU
		{AE30F799-BB08-4B4E-812E-F779CB1EB7B7}.Release|iPhone.ActiveCfg = Release|Any CPU
		{AE30F799-BB08-4B4E-812E-F779CB1EB7B7}.Release|iPhone.Build.0 = Release|Any CPU
		{AE30F799-BB08-4B4E-812E-F779CB1EB7B7}.Release|iPhoneSimulator.ActiveCfg = Release|Any CPU
		{AE30F799-BB08-4B4E-812E-F779CB1EB7B7}.Release|iPhoneSimulator.Build.0 = Release|Any CPU
		{AE30F799-BB08-4B4E-812E-F779CB1EB7B7}.Release|x64.ActiveCfg = Release|Any CPU
		{AE30F799-BB08-4B4E-812E-F779CB1EB7B7}.Release|x64.Build.0 = Release|Any CPU
		{AE30F799-BB08-4B4E-812E-F779CB1EB7B7}.Release|x86.ActiveCfg = Release|Any CPU
		{AE30F799-BB08-4B4E-812E-F779CB1EB7B7}.Release|x86.Build.0 = Release|Any CPU
	EndGlobalSection
	GlobalSection(SolutionProperties) = preSolution
		HideSolutionNode = FALSE
	EndGlobalSection
	GlobalSection(NestedProjects) = preSolution
		{B21B2A18-D3C8-4436-ABF5-A482BDD7EC9B} = {749029FC-D3BC-486E-A1D1-37FDF15E711B}
	EndGlobalSection
	GlobalSection(ExtensibilityGlobals) = postSolution
		SolutionGuid = {FCCD81B1-871D-4706-8CBE-578F600CD662}
	EndGlobalSection
EndGlobal
